
Microsoft Visual Studio Solution File, Format Version 12.00
# Visual Studio Version 16
VisualStudioVersion = 16.0.31313.79
MinimumVisualStudioVersion = 10.0.40219.1
Project("{FAE04EC0-301F-11D3-BF4B-00C04F79EFBC}") = "Calcul", "Calcul\Calcul.csproj", "{EE3B283E-0E0E-4B6A-83F0-5972971247EE}"
EndProject
Global
	GlobalSection(SolutionConfigurationPlatforms) = preSolution
		Debug|Any CPU = Debug|Any CPU
		Release|Any CPU = Release|Any CPU
	EndGlobalSection
	GlobalSection(ProjectConfigurationPlatforms) = postSolution
		{EE3B283E-0E0E-4B6A-83F0-5972971247EE}.Debug|Any CPU.ActiveCfg = Debug|Any CPU
		{EE3B283E-0E0E-4B6A-83F0-5972971247EE}.Debug|Any CPU.Build.0 = Debug|Any CPU
		{EE3B283E-0E0E-4B6A-83F0-5972971247EE}.Debug|Any CPU.Deploy.0 = Debug|Any CPU
		{EE3B283E-0E0E-4B6A-83F0-5972971247EE}.Release|Any CPU.ActiveCfg = Release|Any CPU
		{EE3B283E-0E0E-4B6A-83F0-5972971247EE}.Release|Any CPU.Build.0 = Release|Any CPU
		{EE3B283E-0E0E-4B6A-83F0-5972971247EE}.Release|Any CPU.Deploy.0 = Release|Any CPU
	EndGlobalSection
	GlobalSection(SolutionProperties) = preSolution
		HideSolutionNode = FALSE
	EndGlobalSection
	GlobalSection(ExtensibilityGlobals) = postSolution
		SolutionGuid = {CCA935B2-8ADE-43BF-B226-AC9646F61796}
	EndGlobalSection
EndGlobal
